
Microsoft Visual Studio Solution File, Format Version 12.00
# Visual Studio 15
VisualStudioVersion = 15.0.28307.779
MinimumVisualStudioVersion = 10.0.40219.1
Project("{FAE04EC0-301F-11D3-BF4B-00C04F79EFBC}") = "SunnyPortalConnect", "SunnyPortalConnect\SunnyPortalConnect.csproj", "{60186192-265D-4FF4-B2E9-868B26CE6005}"
EndProject
Global
	GlobalSection(SolutionConfigurationPlatforms) = preSolution
		Debug|Any CPU = Debug|Any CPU
		Release|Any CPU = Release|Any CPU
	EndGlobalSection
	GlobalSection(ProjectConfigurationPlatforms) = postSolution
		{60186192-265D-4FF4-B2E9-868B26CE6005}.Debug|Any CPU.ActiveCfg = Debug|Any CPU
		{60186192-265D-4FF4-B2E9-868B26CE6005}.Debug|Any CPU.Build.0 = Debug|Any CPU
		{60186192-265D-4FF4-B2E9-868B26CE6005}.Release|Any CPU.ActiveCfg = Release|Any CPU
		{60186192-265D-4FF4-B2E9-868B26CE6005}.Release|Any CPU.Build.0 = Release|Any CPU
	EndGlobalSection
	GlobalSection(SolutionProperties) = preSolution
		HideSolutionNode = FALSE
	EndGlobalSection
	GlobalSection(ExtensibilityGlobals) = postSolution
		SolutionGuid = {EA335656-148C-45BF-AA47-906FF535510B}
	EndGlobalSection
EndGlobal
